
Microsoft Visual Studio Solution File, Format Version 12.00
# Visual Studio Version 17
VisualStudioVersion = 17.7.34018.315
MinimumVisualStudioVersion = 10.0.40219.1
Project("{9A19103F-16F7-4668-BE54-9A1E7A4F7556}") = "TangerineBaseMods", "TangerineBaseMods.csproj", "{9B564757-C756-414A-A1AE-C8A32E301D75}"
EndProject
Global
	GlobalSection(SolutionConfigurationPlatforms) = preSolution
		Debug|Any CPU = Debug|Any CPU
		Release|Any CPU = Release|Any CPU
	EndGlobalSection
	GlobalSection(ProjectConfigurationPlatforms) = postSolution
		{9B564757-C756-414A-A1AE-C8A32E301D75}.Debug|Any CPU.ActiveCfg = Debug|Any CPU
		{9B564757-C756-414A-A1AE-C8A32E301D75}.Debug|Any CPU.Build.0 = Debug|Any CPU
		{9B564757-C756-414A-A1AE-C8A32E301D75}.Release|Any CPU.ActiveCfg = Release|Any CPU
		{9B564757-C756-414A-A1AE-C8A32E301D75}.Release|Any CPU.Build.0 = Release|Any CPU
	EndGlobalSection
	GlobalSection(SolutionProperties) = preSolution
		HideSolutionNode = FALSE
	EndGlobalSection
	GlobalSection(ExtensibilityGlobals) = postSolution
		SolutionGuid = {54B21D06-7B61-4D1E-B9C5-3962EFA8B757}
	EndGlobalSection
EndGlobal
